
Microsoft Visual Studio Solution File, Format Version 12.00
# Visual Studio 2012
Project("{FAE04EC0-301F-11D3-BF4B-00C04F79EFBC}") = "EmoteEvents", "EmoteEvents.csproj", "{FB08405F-1F9B-4478-950E-FEAD4E1CF835}"
EndProject
Project("{2150E333-8FDC-42A3-9474-1A3956D46DE8}") = ".nuget", ".nuget", "{10F7C0D8-EEF3-49DA-9793-1B7C683C9CA8}"
	ProjectSection(SolutionItems) = preProject
		.nuget\NuGet.Config = .nuget\NuGet.Config
		.nuget\NuGet.exe = .nuget\NuGet.exe
		.nuget\NuGet.targets = .nuget\NuGet.targets
	EndProjectSection
EndProject
Global
	GlobalSection(SolutionConfigurationPlatforms) = preSolution
		Debug|Any CPU = Debug|Any CPU
		Release|Any CPU = Release|Any CPU
	EndGlobalSection
	GlobalSection(ProjectConfigurationPlatforms) = postSolution
		{FB08405F-1F9B-4478-950E-FEAD4E1CF835}.Debug|Any CPU.ActiveCfg = Debug|Any CPU
		{FB08405F-1F9B-4478-950E-FEAD4E1CF835}.Debug|Any CPU.Build.0 = Debug|Any CPU
		{FB08405F-1F9B-4478-950E-FEAD4E1CF835}.Release|Any CPU.ActiveCfg = Release|Any CPU
		{FB08405F-1F9B-4478-950E-FEAD4E1CF835}.Release|Any CPU.Build.0 = Release|Any CPU
	EndGlobalSection
	GlobalSection(SolutionProperties) = preSolution
		HideSolutionNode = FALSE
	EndGlobalSection
	GlobalSection(MonoDevelopProperties) = preSolution
		StartupItem = EmoteEvents\EmoteEvents.csproj
	EndGlobalSection
EndGlobal
