
Microsoft Visual Studio Solution File, Format Version 12.00
# Visual Studio 2012
Project("{FAE04EC0-301F-11D3-BF4B-00C04F79EFBC}") = "NAOIpDiscoverer", "NAOIpDiscoverer\NAOIpDiscoverer.csproj", "{69773E00-D027-4331-B26D-649B7FF2E0A6}"
EndProject
Project("{FAE04EC0-301F-11D3-BF4B-00C04F79EFBC}") = "NAOIPDiscovererTester", "NAOIPDiscovererTester\NAOIPDiscovererTester.csproj", "{99631FA3-43D1-4264-A164-6C7A4E450A28}"
EndProject
Global
	GlobalSection(SolutionConfigurationPlatforms) = preSolution
		Debug|Any CPU = Debug|Any CPU
		Release|Any CPU = Release|Any CPU
	EndGlobalSection
	GlobalSection(ProjectConfigurationPlatforms) = postSolution
		{69773E00-D027-4331-B26D-649B7FF2E0A6}.Debug|Any CPU.ActiveCfg = Debug|Any CPU
		{69773E00-D027-4331-B26D-649B7FF2E0A6}.Debug|Any CPU.Build.0 = Debug|Any CPU
		{69773E00-D027-4331-B26D-649B7FF2E0A6}.Release|Any CPU.ActiveCfg = Release|Any CPU
		{69773E00-D027-4331-B26D-649B7FF2E0A6}.Release|Any CPU.Build.0 = Release|Any CPU
		{99631FA3-43D1-4264-A164-6C7A4E450A28}.Debug|Any CPU.ActiveCfg = Debug|Any CPU
		{99631FA3-43D1-4264-A164-6C7A4E450A28}.Debug|Any CPU.Build.0 = Debug|Any CPU
		{99631FA3-43D1-4264-A164-6C7A4E450A28}.Release|Any CPU.ActiveCfg = Release|Any CPU
		{99631FA3-43D1-4264-A164-6C7A4E450A28}.Release|Any CPU.Build.0 = Release|Any CPU
	EndGlobalSection
	GlobalSection(SolutionProperties) = preSolution
		HideSolutionNode = FALSE
	EndGlobalSection
EndGlobal
