
Microsoft Visual Studio Solution File, Format Version 12.00
# Visual Studio 2013
VisualStudioVersion = 12.0.31101.0
MinimumVisualStudioVersion = 10.0.40219.1
Project("{FAE04EC0-301F-11D3-BF4B-00C04F79EFBC}") = "ThalamusEnercities", "ThalamusEnercities.csproj", "{15C0A864-FD77-40BB-AFB2-A988F74BD006}"
EndProject
Project("{FAE04EC0-301F-11D3-BF4B-00C04F79EFBC}") = "EmoteEvents", "..\..\EMOTE-Modules-WIP\EmoteEvents\EmoteEvents.csproj", "{FB08405F-1F9B-4478-950E-FEAD4E1CF835}"
EndProject
Project("{FAE04EC0-301F-11D3-BF4B-00C04F79EFBC}") = "Thalamus", "..\..\Thalamus\Thalamus\Thalamus.csproj", "{8E97FCF9-93B2-4F56-B85F-10099D6D912F}"
EndProject
Project("{2150E333-8FDC-42A3-9474-1A3956D46DE8}") = ".nuget", ".nuget", "{8CB940FE-95A1-4C73-A055-1A0A2C79DBCB}"
	ProjectSection(SolutionItems) = preProject
		.nuget\NuGet.Config = .nuget\NuGet.Config
		.nuget\NuGet.exe = .nuget\NuGet.exe
		.nuget\NuGet.targets = .nuget\NuGet.targets
	EndProjectSection
EndProject
Global
	GlobalSection(SolutionConfigurationPlatforms) = preSolution
		Debug|Any CPU = Debug|Any CPU
		Debug|x86 = Debug|x86
		Release|Any CPU = Release|Any CPU
		Release|x86 = Release|x86
	EndGlobalSection
	GlobalSection(ProjectConfigurationPlatforms) = postSolution
		{15C0A864-FD77-40BB-AFB2-A988F74BD006}.Debug|Any CPU.ActiveCfg = Debug|Any CPU
		{15C0A864-FD77-40BB-AFB2-A988F74BD006}.Debug|Any CPU.Build.0 = Debug|Any CPU
		{15C0A864-FD77-40BB-AFB2-A988F74BD006}.Debug|x86.ActiveCfg = Debug|Any CPU
		{15C0A864-FD77-40BB-AFB2-A988F74BD006}.Release|Any CPU.ActiveCfg = Release|Any CPU
		{15C0A864-FD77-40BB-AFB2-A988F74BD006}.Release|Any CPU.Build.0 = Release|Any CPU
		{15C0A864-FD77-40BB-AFB2-A988F74BD006}.Release|x86.ActiveCfg = Release|Any CPU
		{FB08405F-1F9B-4478-950E-FEAD4E1CF835}.Debug|Any CPU.ActiveCfg = Debug|Any CPU
		{FB08405F-1F9B-4478-950E-FEAD4E1CF835}.Debug|Any CPU.Build.0 = Debug|Any CPU
		{FB08405F-1F9B-4478-950E-FEAD4E1CF835}.Debug|x86.ActiveCfg = Debug|Any CPU
		{FB08405F-1F9B-4478-950E-FEAD4E1CF835}.Release|Any CPU.ActiveCfg = Release|Any CPU
		{FB08405F-1F9B-4478-950E-FEAD4E1CF835}.Release|Any CPU.Build.0 = Release|Any CPU
		{FB08405F-1F9B-4478-950E-FEAD4E1CF835}.Release|x86.ActiveCfg = Release|Any CPU
		{8E97FCF9-93B2-4F56-B85F-10099D6D912F}.Debug|Any CPU.ActiveCfg = Debug|Any CPU
		{8E97FCF9-93B2-4F56-B85F-10099D6D912F}.Debug|Any CPU.Build.0 = Debug|Any CPU
		{8E97FCF9-93B2-4F56-B85F-10099D6D912F}.Debug|x86.ActiveCfg = Debug|x86
		{8E97FCF9-93B2-4F56-B85F-10099D6D912F}.Debug|x86.Build.0 = Debug|x86
		{8E97FCF9-93B2-4F56-B85F-10099D6D912F}.Release|Any CPU.ActiveCfg = Release|Any CPU
		{8E97FCF9-93B2-4F56-B85F-10099D6D912F}.Release|Any CPU.Build.0 = Release|Any CPU
		{8E97FCF9-93B2-4F56-B85F-10099D6D912F}.Release|x86.ActiveCfg = Release|x86
		{8E97FCF9-93B2-4F56-B85F-10099D6D912F}.Release|x86.Build.0 = Release|x86
	EndGlobalSection
	GlobalSection(SolutionProperties) = preSolution
		HideSolutionNode = FALSE
	EndGlobalSection
EndGlobal
