
Microsoft Visual Studio Solution File, Format Version 12.00
# Visual Studio 2013
VisualStudioVersion = 12.0.30723.0
MinimumVisualStudioVersion = 10.0.40219.1
Project("{FAE04EC0-301F-11D3-BF4B-00C04F79EFBC}") = "ThalamusLogPlayer", "ThalamusLogPlayer\ThalamusLogPlayer.csproj", "{7059A418-FEFD-4C40-A365-962A6225F096}"
EndProject
Project("{FAE04EC0-301F-11D3-BF4B-00C04F79EFBC}") = "ThalamusLogTool", "..\ThalamusLogTool\ThalamusLogTool.csproj", "{11916BCE-412A-4791-A706-48563BA5C7BC}"
EndProject
Project("{FAE04EC0-301F-11D3-BF4B-00C04F79EFBC}") = "EmoteEvents", "..\EmoteEvents\EmoteEvents.csproj", "{FB08405F-1F9B-4478-950E-FEAD4E1CF835}"
EndProject
Project("{FAE04EC0-301F-11D3-BF4B-00C04F79EFBC}") = "NAOThalamusSharp", "..\..\NAOBridges\NAOThalamusSharp\NAOThalamusSharp.csproj", "{C4478215-D9C5-4B95-AFAD-E6279A353D86}"
EndProject
Global
	GlobalSection(SolutionConfigurationPlatforms) = preSolution
		Debug|Any CPU = Debug|Any CPU
		Debug|x64 = Debug|x64
		Debug|x86 = Debug|x86
		Release|Any CPU = Release|Any CPU
		Release|x64 = Release|x64
		Release|x86 = Release|x86
	EndGlobalSection
	GlobalSection(ProjectConfigurationPlatforms) = postSolution
		{7059A418-FEFD-4C40-A365-962A6225F096}.Debug|Any CPU.ActiveCfg = Debug|Any CPU
		{7059A418-FEFD-4C40-A365-962A6225F096}.Debug|Any CPU.Build.0 = Debug|Any CPU
		{7059A418-FEFD-4C40-A365-962A6225F096}.Debug|x64.ActiveCfg = Debug|x64
		{7059A418-FEFD-4C40-A365-962A6225F096}.Debug|x64.Build.0 = Debug|x64
		{7059A418-FEFD-4C40-A365-962A6225F096}.Debug|x86.ActiveCfg = Debug|x86
		{7059A418-FEFD-4C40-A365-962A6225F096}.Debug|x86.Build.0 = Debug|x86
		{7059A418-FEFD-4C40-A365-962A6225F096}.Release|Any CPU.ActiveCfg = Release|Any CPU
		{7059A418-FEFD-4C40-A365-962A6225F096}.Release|Any CPU.Build.0 = Release|Any CPU
		{7059A418-FEFD-4C40-A365-962A6225F096}.Release|x64.ActiveCfg = Release|x64
		{7059A418-FEFD-4C40-A365-962A6225F096}.Release|x64.Build.0 = Release|x64
		{7059A418-FEFD-4C40-A365-962A6225F096}.Release|x86.ActiveCfg = Release|x86
		{7059A418-FEFD-4C40-A365-962A6225F096}.Release|x86.Build.0 = Release|x86
		{11916BCE-412A-4791-A706-48563BA5C7BC}.Debug|Any CPU.ActiveCfg = Debug|Any CPU
		{11916BCE-412A-4791-A706-48563BA5C7BC}.Debug|Any CPU.Build.0 = Debug|Any CPU
		{11916BCE-412A-4791-A706-48563BA5C7BC}.Debug|x64.ActiveCfg = Debug|x64
		{11916BCE-412A-4791-A706-48563BA5C7BC}.Debug|x64.Build.0 = Debug|x64
		{11916BCE-412A-4791-A706-48563BA5C7BC}.Debug|x86.ActiveCfg = Debug|x86
		{11916BCE-412A-4791-A706-48563BA5C7BC}.Debug|x86.Build.0 = Debug|x86
		{11916BCE-412A-4791-A706-48563BA5C7BC}.Release|Any CPU.ActiveCfg = Release|Any CPU
		{11916BCE-412A-4791-A706-48563BA5C7BC}.Release|Any CPU.Build.0 = Release|Any CPU
		{11916BCE-412A-4791-A706-48563BA5C7BC}.Release|x64.ActiveCfg = Release|x64
		{11916BCE-412A-4791-A706-48563BA5C7BC}.Release|x64.Build.0 = Release|x64
		{11916BCE-412A-4791-A706-48563BA5C7BC}.Release|x86.ActiveCfg = Release|x86
		{11916BCE-412A-4791-A706-48563BA5C7BC}.Release|x86.Build.0 = Release|x86
		{FB08405F-1F9B-4478-950E-FEAD4E1CF835}.Debug|Any CPU.ActiveCfg = Debug|Any CPU
		{FB08405F-1F9B-4478-950E-FEAD4E1CF835}.Debug|Any CPU.Build.0 = Debug|Any CPU
		{FB08405F-1F9B-4478-950E-FEAD4E1CF835}.Debug|x64.ActiveCfg = Debug|Any CPU
		{FB08405F-1F9B-4478-950E-FEAD4E1CF835}.Debug|x86.ActiveCfg = Debug|Any CPU
		{FB08405F-1F9B-4478-950E-FEAD4E1CF835}.Release|Any CPU.ActiveCfg = Release|Any CPU
		{FB08405F-1F9B-4478-950E-FEAD4E1CF835}.Release|Any CPU.Build.0 = Release|Any CPU
		{FB08405F-1F9B-4478-950E-FEAD4E1CF835}.Release|x64.ActiveCfg = Release|Any CPU
		{FB08405F-1F9B-4478-950E-FEAD4E1CF835}.Release|x86.ActiveCfg = Release|Any CPU
		{C4478215-D9C5-4B95-AFAD-E6279A353D86}.Debug|Any CPU.ActiveCfg = Debug|Any CPU
		{C4478215-D9C5-4B95-AFAD-E6279A353D86}.Debug|Any CPU.Build.0 = Debug|Any CPU
		{C4478215-D9C5-4B95-AFAD-E6279A353D86}.Debug|x64.ActiveCfg = Debug|Any CPU
		{C4478215-D9C5-4B95-AFAD-E6279A353D86}.Debug|x86.ActiveCfg = Debug|Any CPU
		{C4478215-D9C5-4B95-AFAD-E6279A353D86}.Release|Any CPU.ActiveCfg = Release|Any CPU
		{C4478215-D9C5-4B95-AFAD-E6279A353D86}.Release|Any CPU.Build.0 = Release|Any CPU
		{C4478215-D9C5-4B95-AFAD-E6279A353D86}.Release|x64.ActiveCfg = Release|Any CPU
		{C4478215-D9C5-4B95-AFAD-E6279A353D86}.Release|x86.ActiveCfg = Release|Any CPU
	EndGlobalSection
	GlobalSection(SolutionProperties) = preSolution
		HideSolutionNode = FALSE
	EndGlobalSection
EndGlobal
